
Microsoft Visual Studio Solution File, Format Version 12.00
# Visual Studio 15
VisualStudioVersion = 15.0.28307.421
MinimumVisualStudioVersion = 10.0.40219.1
Project("{FAE04EC0-301F-11D3-BF4B-00C04F79EFBC}") = "DapperMvc", "DapperMvc\DapperMvc.csproj", "{B9499023-372A-4C91-BE31-79DE0D98D9E2}"
EndProject
Global
	GlobalSection(SolutionConfigurationPlatforms) = preSolution
		Debug|Any CPU = Debug|Any CPU
		Release|Any CPU = Release|Any CPU
	EndGlobalSection
	GlobalSection(ProjectConfigurationPlatforms) = postSolution
		{B9499023-372A-4C91-BE31-79DE0D98D9E2}.Debug|Any CPU.ActiveCfg = Debug|Any CPU
		{B9499023-372A-4C91-BE31-79DE0D98D9E2}.Debug|Any CPU.Build.0 = Debug|Any CPU
		{B9499023-372A-4C91-BE31-79DE0D98D9E2}.Release|Any CPU.ActiveCfg = Release|Any CPU
		{B9499023-372A-4C91-BE31-79DE0D98D9E2}.Release|Any CPU.Build.0 = Release|Any CPU
	EndGlobalSection
	GlobalSection(SolutionProperties) = preSolution
		HideSolutionNode = FALSE
	EndGlobalSection
	GlobalSection(ExtensibilityGlobals) = postSolution
		SolutionGuid = {B89E7F5C-CB10-4999-B860-9356EE9D67E9}
	EndGlobalSection
EndGlobal
